
Microsoft Visual Studio Solution File, Format Version 12.00
# Visual Studio 14
VisualStudioVersion = 14.0.23107.0
MinimumVisualStudioVersion = 10.0.40219.1
Project("{FAE04EC0-301F-11D3-BF4B-00C04F79EFBC}") = "DataEditJS_Editor", "DataEditJS_Editor\DataEditJS_Editor.csproj", "{1299A692-AE7B-4BE3-B7D2-2A6DE7D47CFF}"
EndProject
Project("{FAE04EC0-301F-11D3-BF4B-00C04F79EFBC}") = "SharpAdbClient", "..\SharpAdbClient\SharpAdbClient\SharpAdbClient.csproj", "{5AE55361-D6F9-432C-9783-2F8A0525959B}"
EndProject
Global
	GlobalSection(SolutionConfigurationPlatforms) = preSolution
		Debug|Any CPU = Debug|Any CPU
		Release|Any CPU = Release|Any CPU
	EndGlobalSection
	GlobalSection(ProjectConfigurationPlatforms) = postSolution
		{1299A692-AE7B-4BE3-B7D2-2A6DE7D47CFF}.Debug|Any CPU.ActiveCfg = Debug|Any CPU
		{1299A692-AE7B-4BE3-B7D2-2A6DE7D47CFF}.Debug|Any CPU.Build.0 = Debug|Any CPU
		{1299A692-AE7B-4BE3-B7D2-2A6DE7D47CFF}.Release|Any CPU.ActiveCfg = Release|Any CPU
		{1299A692-AE7B-4BE3-B7D2-2A6DE7D47CFF}.Release|Any CPU.Build.0 = Release|Any CPU
		{5AE55361-D6F9-432C-9783-2F8A0525959B}.Debug|Any CPU.ActiveCfg = Debug|Any CPU
		{5AE55361-D6F9-432C-9783-2F8A0525959B}.Debug|Any CPU.Build.0 = Debug|Any CPU
		{5AE55361-D6F9-432C-9783-2F8A0525959B}.Release|Any CPU.ActiveCfg = Release|Any CPU
		{5AE55361-D6F9-432C-9783-2F8A0525959B}.Release|Any CPU.Build.0 = Release|Any CPU
	EndGlobalSection
	GlobalSection(SolutionProperties) = preSolution
		HideSolutionNode = FALSE
	EndGlobalSection
EndGlobal
