
Microsoft Visual Studio Solution File, Format Version 12.00
# Visual Studio Version 16
VisualStudioVersion = 16.0.28803.352
MinimumVisualStudioVersion = 10.0.40219.1
Project("{FAE04EC0-301F-11D3-BF4B-00C04F79EFBC}") = "DataEditJS_Editor", "DataEditJS_Editor\DataEditJS_Editor.csproj", "{1299A692-AE7B-4BE3-B7D2-2A6DE7D47CFF}"
EndProject
Project("{9A19103F-16F7-4668-BE54-9A1E7A4F7556}") = "SharpAdbClient", "..\sharpadb\SharpAdbClient\SharpAdbClient.csproj", "{C39225A0-1260-49B0-B7C6-4F682499B160}"
EndProject
Global
	GlobalSection(SolutionConfigurationPlatforms) = preSolution
		Debug|Any CPU = Debug|Any CPU
		Release|Any CPU = Release|Any CPU
	EndGlobalSection
	GlobalSection(ProjectConfigurationPlatforms) = postSolution
		{1299A692-AE7B-4BE3-B7D2-2A6DE7D47CFF}.Debug|Any CPU.ActiveCfg = Debug|Any CPU
		{1299A692-AE7B-4BE3-B7D2-2A6DE7D47CFF}.Debug|Any CPU.Build.0 = Debug|Any CPU
		{1299A692-AE7B-4BE3-B7D2-2A6DE7D47CFF}.Release|Any CPU.ActiveCfg = Release|Any CPU
		{1299A692-AE7B-4BE3-B7D2-2A6DE7D47CFF}.Release|Any CPU.Build.0 = Release|Any CPU
		{C39225A0-1260-49B0-B7C6-4F682499B160}.Debug|Any CPU.ActiveCfg = Debug|Any CPU
		{C39225A0-1260-49B0-B7C6-4F682499B160}.Debug|Any CPU.Build.0 = Debug|Any CPU
		{C39225A0-1260-49B0-B7C6-4F682499B160}.Release|Any CPU.ActiveCfg = Release|Any CPU
		{C39225A0-1260-49B0-B7C6-4F682499B160}.Release|Any CPU.Build.0 = Release|Any CPU
	EndGlobalSection
	GlobalSection(SolutionProperties) = preSolution
		HideSolutionNode = FALSE
	EndGlobalSection
	GlobalSection(ExtensibilityGlobals) = postSolution
		SolutionGuid = {78F42FCE-394B-4AA3-B896-E76BEE086032}
	EndGlobalSection
EndGlobal
